
Microsoft Visual Studio Solution File, Format Version 12.00
# Visual Studio Version 17
VisualStudioVersion = 17.6.33723.286
MinimumVisualStudioVersion = 10.0.40219.1
Project("{FAE04EC0-301F-11D3-BF4B-00C04F79EFBC}") = "CarRent", "CarRent\CarRent.csproj", "{EAFCAFCA-AFAA-4258-B767-7ED36920726C}"
EndProject
Global
	GlobalSection(SolutionConfigurationPlatforms) = preSolution
		Debug|Any CPU = Debug|Any CPU
		Release|Any CPU = Release|Any CPU
	EndGlobalSection
	GlobalSection(ProjectConfigurationPlatforms) = postSolution
		{EAFCAFCA-AFAA-4258-B767-7ED36920726C}.Debug|Any CPU.ActiveCfg = Debug|Any CPU
		{EAFCAFCA-AFAA-4258-B767-7ED36920726C}.Debug|Any CPU.Build.0 = Debug|Any CPU
		{EAFCAFCA-AFAA-4258-B767-7ED36920726C}.Release|Any CPU.ActiveCfg = Release|Any CPU
		{EAFCAFCA-AFAA-4258-B767-7ED36920726C}.Release|Any CPU.Build.0 = Release|Any CPU
	EndGlobalSection
	GlobalSection(SolutionProperties) = preSolution
		HideSolutionNode = FALSE
	EndGlobalSection
	GlobalSection(ExtensibilityGlobals) = postSolution
		SolutionGuid = {47C3DBFA-1085-482C-AED9-4554035EC07F}
	EndGlobalSection
EndGlobal
