
Microsoft Visual Studio Solution File, Format Version 12.00
# Visual Studio 15
VisualStudioVersion = 15.0.27703.2026
MinimumVisualStudioVersion = 10.0.40219.1
Project("{FAE04EC0-301F-11D3-BF4B-00C04F79EFBC}") = "ReflectionAttributes", "ReflectionAttributes\ReflectionAttributes.csproj", "{4F6AA80C-4441-4C41-A0EB-AED45205348E}"
EndProject
Project("{FAE04EC0-301F-11D3-BF4B-00C04F79EFBC}") = "ReflectionTest", "ReflectionTest\ReflectionTest.csproj", "{34290F89-B99C-496B-A8AE-EF20DDBFD0D0}"
EndProject
Global
	GlobalSection(SolutionConfigurationPlatforms) = preSolution
		Debug|Any CPU = Debug|Any CPU
		Release|Any CPU = Release|Any CPU
	EndGlobalSection
	GlobalSection(ProjectConfigurationPlatforms) = postSolution
		{4F6AA80C-4441-4C41-A0EB-AED45205348E}.Debug|Any CPU.ActiveCfg = Debug|Any CPU
		{4F6AA80C-4441-4C41-A0EB-AED45205348E}.Debug|Any CPU.Build.0 = Debug|Any CPU
		{4F6AA80C-4441-4C41-A0EB-AED45205348E}.Release|Any CPU.ActiveCfg = Release|Any CPU
		{4F6AA80C-4441-4C41-A0EB-AED45205348E}.Release|Any CPU.Build.0 = Release|Any CPU
		{34290F89-B99C-496B-A8AE-EF20DDBFD0D0}.Debug|Any CPU.ActiveCfg = Debug|Any CPU
		{34290F89-B99C-496B-A8AE-EF20DDBFD0D0}.Debug|Any CPU.Build.0 = Debug|Any CPU
		{34290F89-B99C-496B-A8AE-EF20DDBFD0D0}.Release|Any CPU.ActiveCfg = Release|Any CPU
		{34290F89-B99C-496B-A8AE-EF20DDBFD0D0}.Release|Any CPU.Build.0 = Release|Any CPU
	EndGlobalSection
	GlobalSection(SolutionProperties) = preSolution
		HideSolutionNode = FALSE
	EndGlobalSection
	GlobalSection(ExtensibilityGlobals) = postSolution
		SolutionGuid = {1F0204F0-8D52-494E-A48A-17E40002D4F7}
	EndGlobalSection
EndGlobal
