
Microsoft Visual Studio Solution File, Format Version 12.00
# Visual Studio 2012
Project("{FAE04EC0-301F-11D3-BF4B-00C04F79EFBC}") = "OrderRule.Quantity", "RulesLibrary\OrderRule.Quantity\OrderRule.Quantity.csproj", "{D4665AE0-B070-4E16-88EE-848EF5DB1A49}"
EndProject
Project("{FAE04EC0-301F-11D3-BF4B-00C04F79EFBC}") = "OrderRule.NameBadge", "RulesLibrary\OrderRule.NameBadge\OrderRule.NameBadge.csproj", "{0702B474-9E0B-44A2-B5EC-369BF31F8823}"
EndProject
Project("{FAE04EC0-301F-11D3-BF4B-00C04F79EFBC}") = "OrderRule.Discount", "RulesLibrary\OrderRule.Discount\OrderRule.Discount.csproj", "{5EDA6B01-CFF3-4688-A04A-7E50A801C930}"
EndProject
Global
	GlobalSection(SolutionConfigurationPlatforms) = preSolution
		Debug|Any CPU = Debug|Any CPU
		Release|Any CPU = Release|Any CPU
	EndGlobalSection
	GlobalSection(ProjectConfigurationPlatforms) = postSolution
		{D4665AE0-B070-4E16-88EE-848EF5DB1A49}.Debug|Any CPU.ActiveCfg = Debug|Any CPU
		{D4665AE0-B070-4E16-88EE-848EF5DB1A49}.Debug|Any CPU.Build.0 = Debug|Any CPU
		{D4665AE0-B070-4E16-88EE-848EF5DB1A49}.Release|Any CPU.ActiveCfg = Release|Any CPU
		{D4665AE0-B070-4E16-88EE-848EF5DB1A49}.Release|Any CPU.Build.0 = Release|Any CPU
		{0702B474-9E0B-44A2-B5EC-369BF31F8823}.Debug|Any CPU.ActiveCfg = Debug|Any CPU
		{0702B474-9E0B-44A2-B5EC-369BF31F8823}.Debug|Any CPU.Build.0 = Debug|Any CPU
		{0702B474-9E0B-44A2-B5EC-369BF31F8823}.Release|Any CPU.ActiveCfg = Release|Any CPU
		{0702B474-9E0B-44A2-B5EC-369BF31F8823}.Release|Any CPU.Build.0 = Release|Any CPU
		{5EDA6B01-CFF3-4688-A04A-7E50A801C930}.Debug|Any CPU.ActiveCfg = Debug|Any CPU
		{5EDA6B01-CFF3-4688-A04A-7E50A801C930}.Debug|Any CPU.Build.0 = Debug|Any CPU
		{5EDA6B01-CFF3-4688-A04A-7E50A801C930}.Release|Any CPU.ActiveCfg = Release|Any CPU
		{5EDA6B01-CFF3-4688-A04A-7E50A801C930}.Release|Any CPU.Build.0 = Release|Any CPU
	EndGlobalSection
	GlobalSection(SolutionProperties) = preSolution
		HideSolutionNode = FALSE
	EndGlobalSection
EndGlobal
