
Microsoft Visual Studio Solution File, Format Version 12.00
# Visual Studio 15
VisualStudioVersion = 15.0.27130.2024
MinimumVisualStudioVersion = 10.0.40219.1
Project("{FAE04EC0-301F-11D3-BF4B-00C04F79EFBC}") = "ResponsiveUIWinForm", "ResponsiveUIWinForm\ResponsiveUIWinForm.csproj", "{B6193FB8-1BC0-4CC4-82B8-E80C45DA9A06}"
EndProject
Global
	GlobalSection(SolutionConfigurationPlatforms) = preSolution
		Debug|Any CPU = Debug|Any CPU
		Release|Any CPU = Release|Any CPU
	EndGlobalSection
	GlobalSection(ProjectConfigurationPlatforms) = postSolution
		{B6193FB8-1BC0-4CC4-82B8-E80C45DA9A06}.Debug|Any CPU.ActiveCfg = Debug|Any CPU
		{B6193FB8-1BC0-4CC4-82B8-E80C45DA9A06}.Debug|Any CPU.Build.0 = Debug|Any CPU
		{B6193FB8-1BC0-4CC4-82B8-E80C45DA9A06}.Release|Any CPU.ActiveCfg = Release|Any CPU
		{B6193FB8-1BC0-4CC4-82B8-E80C45DA9A06}.Release|Any CPU.Build.0 = Release|Any CPU
	EndGlobalSection
	GlobalSection(SolutionProperties) = preSolution
		HideSolutionNode = FALSE
	EndGlobalSection
	GlobalSection(ExtensibilityGlobals) = postSolution
		SolutionGuid = {8CAABC86-C66F-4F05-AF09-00760B8B43E5}
	EndGlobalSection
EndGlobal
