
Microsoft Visual Studio Solution File, Format Version 12.00
# Visual Studio 15
VisualStudioVersion = 15.0.28010.2003
MinimumVisualStudioVersion = 10.0.40219.1
Project("{FAE04EC0-301F-11D3-BF4B-00C04F79EFBC}") = "AutofacSamples", "AutofacSamples\AutofacSamples.csproj", "{D90DB0B8-CA6C-461C-925C-02A08A8F3E77}"
EndProject
Global
	GlobalSection(SolutionConfigurationPlatforms) = preSolution
		Debug|Any CPU = Debug|Any CPU
		Release|Any CPU = Release|Any CPU
	EndGlobalSection
	GlobalSection(ProjectConfigurationPlatforms) = postSolution
		{D90DB0B8-CA6C-461C-925C-02A08A8F3E77}.Debug|Any CPU.ActiveCfg = Debug|Any CPU
		{D90DB0B8-CA6C-461C-925C-02A08A8F3E77}.Debug|Any CPU.Build.0 = Debug|Any CPU
		{D90DB0B8-CA6C-461C-925C-02A08A8F3E77}.Release|Any CPU.ActiveCfg = Release|Any CPU
		{D90DB0B8-CA6C-461C-925C-02A08A8F3E77}.Release|Any CPU.Build.0 = Release|Any CPU
	EndGlobalSection
	GlobalSection(SolutionProperties) = preSolution
		HideSolutionNode = FALSE
	EndGlobalSection
	GlobalSection(ExtensibilityGlobals) = postSolution
		SolutionGuid = {E61AA1AE-D650-436F-861C-15C600D9B25F}
	EndGlobalSection
EndGlobal
