
Microsoft Visual Studio Solution File, Format Version 12.00
# Visual Studio 15
VisualStudioVersion = 15.0.27703.2047
MinimumVisualStudioVersion = 10.0.40219.1
Project("{FAE04EC0-301F-11D3-BF4B-00C04F79EFBC}") = "ConsoleDemo", "ConsoleDemo\ConsoleDemo.csproj", "{2F5149A4-C489-4CF5-9178-A496A6D63CAF}"
EndProject
Global
	GlobalSection(SolutionConfigurationPlatforms) = preSolution
		Debug|Any CPU = Debug|Any CPU
		Release|Any CPU = Release|Any CPU
	EndGlobalSection
	GlobalSection(ProjectConfigurationPlatforms) = postSolution
		{2F5149A4-C489-4CF5-9178-A496A6D63CAF}.Debug|Any CPU.ActiveCfg = Debug|Any CPU
		{2F5149A4-C489-4CF5-9178-A496A6D63CAF}.Debug|Any CPU.Build.0 = Debug|Any CPU
		{2F5149A4-C489-4CF5-9178-A496A6D63CAF}.Release|Any CPU.ActiveCfg = Release|Any CPU
		{2F5149A4-C489-4CF5-9178-A496A6D63CAF}.Release|Any CPU.Build.0 = Release|Any CPU
	EndGlobalSection
	GlobalSection(SolutionProperties) = preSolution
		HideSolutionNode = FALSE
	EndGlobalSection
	GlobalSection(ExtensibilityGlobals) = postSolution
		SolutionGuid = {DB57C8F8-90BE-496F-91E2-568BC0E11DAA}
	EndGlobalSection
EndGlobal
