
Microsoft Visual Studio Solution File, Format Version 12.00
# Visual Studio 15
VisualStudioVersion = 15.0.28010.2026
MinimumVisualStudioVersion = 10.0.40219.1
Project("{FAE04EC0-301F-11D3-BF4B-00C04F79EFBC}") = "EmailExtractor", "EmailExtractor\EmailExtractor.csproj", "{73188DDB-50F9-4BDA-905B-3BD368DFBCFD}"
EndProject
Global
	GlobalSection(SolutionConfigurationPlatforms) = preSolution
		Debug|Any CPU = Debug|Any CPU
		Release|Any CPU = Release|Any CPU
	EndGlobalSection
	GlobalSection(ProjectConfigurationPlatforms) = postSolution
		{73188DDB-50F9-4BDA-905B-3BD368DFBCFD}.Debug|Any CPU.ActiveCfg = Debug|Any CPU
		{73188DDB-50F9-4BDA-905B-3BD368DFBCFD}.Debug|Any CPU.Build.0 = Debug|Any CPU
		{73188DDB-50F9-4BDA-905B-3BD368DFBCFD}.Release|Any CPU.ActiveCfg = Release|Any CPU
		{73188DDB-50F9-4BDA-905B-3BD368DFBCFD}.Release|Any CPU.Build.0 = Release|Any CPU
	EndGlobalSection
	GlobalSection(SolutionProperties) = preSolution
		HideSolutionNode = FALSE
	EndGlobalSection
	GlobalSection(ExtensibilityGlobals) = postSolution
		SolutionGuid = {E302EE7C-575B-4391-8B0B-4B1BDBC53D35}
	EndGlobalSection
EndGlobal
