
Microsoft Visual Studio Solution File, Format Version 12.00
Project("{FAE04EC0-301F-11D3-BF4B-00C04F79EFBC}") = "ZBW.ProgAdvII.Serialization.BusinessLogic", "ZBW.ProgAdvII.Serialization.BusinessLogic\ZBW.ProgAdvII.Serialization.BusinessLogic.csproj", "{FF3A50EA-7AA1-4F08-876C-086836EA8172}"
EndProject
Project("{FAE04EC0-301F-11D3-BF4B-00C04F79EFBC}") = "ZBW.ProgAdvII.Serialization.Cli", "ZBW.ProgAdvII.Serialization.Cli\ZBW.ProgAdvII.Serialization.Cli.csproj", "{EDE23D11-A9F2-4633-A034-38C078A88D0C}"
EndProject
Global
	GlobalSection(SolutionConfigurationPlatforms) = preSolution
		Debug|Any CPU = Debug|Any CPU
		Release|Any CPU = Release|Any CPU
	EndGlobalSection
	GlobalSection(ProjectConfigurationPlatforms) = postSolution
		{FF3A50EA-7AA1-4F08-876C-086836EA8172}.Debug|Any CPU.ActiveCfg = Debug|Any CPU
		{FF3A50EA-7AA1-4F08-876C-086836EA8172}.Debug|Any CPU.Build.0 = Debug|Any CPU
		{FF3A50EA-7AA1-4F08-876C-086836EA8172}.Release|Any CPU.ActiveCfg = Release|Any CPU
		{FF3A50EA-7AA1-4F08-876C-086836EA8172}.Release|Any CPU.Build.0 = Release|Any CPU
		{EDE23D11-A9F2-4633-A034-38C078A88D0C}.Debug|Any CPU.ActiveCfg = Debug|Any CPU
		{EDE23D11-A9F2-4633-A034-38C078A88D0C}.Debug|Any CPU.Build.0 = Debug|Any CPU
		{EDE23D11-A9F2-4633-A034-38C078A88D0C}.Release|Any CPU.ActiveCfg = Release|Any CPU
		{EDE23D11-A9F2-4633-A034-38C078A88D0C}.Release|Any CPU.Build.0 = Release|Any CPU
	EndGlobalSection
EndGlobal
